
Microsoft Visual Studio Solution File, Format Version 12.00
# Visual Studio 15
VisualStudioVersion = 15.0.28010.2036
MinimumVisualStudioVersion = 10.0.40219.1
Project("{9A19103F-16F7-4668-BE54-9A1E7A4F7556}") = "LetsPlay", "LetsPlay\LetsPlay.csproj", "{83C38F09-32E1-4BEA-A275-91D52622B176}"
EndProject
Project("{FAE04EC0-301F-11D3-BF4B-00C04F79EFBC}") = "XUnitTestProject1", "XUnitTestProject1\XUnitTestProject1.csproj", "{014D9E20-440C-4FB0-874C-3A6E68BD968F}"
EndProject
Global
	GlobalSection(SolutionConfigurationPlatforms) = preSolution
		Debug|Any CPU = Debug|Any CPU
		Release|Any CPU = Release|Any CPU
	EndGlobalSection
	GlobalSection(ProjectConfigurationPlatforms) = postSolution
		{83C38F09-32E1-4BEA-A275-91D52622B176}.Debug|Any CPU.ActiveCfg = Debug|Any CPU
		{83C38F09-32E1-4BEA-A275-91D52622B176}.Debug|Any CPU.Build.0 = Debug|Any CPU
		{83C38F09-32E1-4BEA-A275-91D52622B176}.Release|Any CPU.ActiveCfg = Release|Any CPU
		{83C38F09-32E1-4BEA-A275-91D52622B176}.Release|Any CPU.Build.0 = Release|Any CPU
		{014D9E20-440C-4FB0-874C-3A6E68BD968F}.Debug|Any CPU.ActiveCfg = Debug|Any CPU
		{014D9E20-440C-4FB0-874C-3A6E68BD968F}.Debug|Any CPU.Build.0 = Debug|Any CPU
		{014D9E20-440C-4FB0-874C-3A6E68BD968F}.Release|Any CPU.ActiveCfg = Release|Any CPU
		{014D9E20-440C-4FB0-874C-3A6E68BD968F}.Release|Any CPU.Build.0 = Release|Any CPU
	EndGlobalSection
	GlobalSection(SolutionProperties) = preSolution
		HideSolutionNode = FALSE
	EndGlobalSection
	GlobalSection(ExtensibilityGlobals) = postSolution
		SolutionGuid = {957C2CF2-83E0-4C8A-8906-AA2F5B699919}
	EndGlobalSection
EndGlobal
